# THIS IS AN AUTOGENERATED FILE. DO NOT EDIT THIS FILE DIRECTLY.
# yarn lockfile v1
"@types/node":
  version "6.0.46"
  resolved "https://registry.yarnpkg.com/@types/node/-/node-6.0.46.tgz#8d9e48572831f05b11cc4c793754d43437219d62"

function-arguments:
  version "1.0.8"
  resolved "https://registry.yarnpkg.com/function-arguments/-/function-arguments-1.0.8.tgz#b9a01daca6b894eff8c3d36840375ed9636a6c0f"

typescript:
  version "2.0.6"
  resolved "https://registry.yarnpkg.com/typescript/-/typescript-2.0.6.tgz#5385499ac9811508c2c43e0ea07a1ddca435e111"

